
Microsoft Visual Studio Solution File, Format Version 12.00
# Visual Studio Version 17
VisualStudioVersion = 17.8.34330.188
MinimumVisualStudioVersion = 10.0.40219.1
Project("{FAE04EC0-301F-11D3-BF4B-00C04F79EFBC}") = "Обучающее приложение Дроби", "Обучающее приложение Дроби\Обучающее приложение Дроби.csproj", "{916FED96-44E7-4376-8398-63845265FC1F}"
EndProject
Global
	GlobalSection(SolutionConfigurationPlatforms) = preSolution
		Debug|Any CPU = Debug|Any CPU
		Release|Any CPU = Release|Any CPU
	EndGlobalSection
	GlobalSection(ProjectConfigurationPlatforms) = postSolution
		{916FED96-44E7-4376-8398-63845265FC1F}.Debug|Any CPU.ActiveCfg = Debug|Any CPU
		{916FED96-44E7-4376-8398-63845265FC1F}.Debug|Any CPU.Build.0 = Debug|Any CPU
		{916FED96-44E7-4376-8398-63845265FC1F}.Release|Any CPU.ActiveCfg = Release|Any CPU
		{916FED96-44E7-4376-8398-63845265FC1F}.Release|Any CPU.Build.0 = Release|Any CPU
	EndGlobalSection
	GlobalSection(SolutionProperties) = preSolution
		HideSolutionNode = FALSE
	EndGlobalSection
	GlobalSection(ExtensibilityGlobals) = postSolution
		SolutionGuid = {241CC388-72E4-42D5-9FAB-90B0FB4E131E}
	EndGlobalSection
EndGlobal
